
Microsoft Visual Studio Solution File, Format Version 12.00
# Visual Studio Version 17
VisualStudioVersion = 17.9.34607.119
MinimumVisualStudioVersion = 10.0.40219.1
Project("{FAE04EC0-301F-11D3-BF4B-00C04F79EFBC}") = "Producer", "Producer\Producer.csproj", "{2591B31C-970D-4A95-A2BA-CA5DA9316A8D}"
EndProject
Project("{FAE04EC0-301F-11D3-BF4B-00C04F79EFBC}") = "Consumer", "Consumer\Consumer.csproj", "{45617B41-3462-40C9-B2AE-93180ECCAA1C}"
EndProject
Project("{FAE04EC0-301F-11D3-BF4B-00C04F79EFBC}") = "Shared", "Shared\Shared.csproj", "{18EF8159-F979-4FE0-97F6-0E7065DF0155}"
EndProject
Global
	GlobalSection(SolutionConfigurationPlatforms) = preSolution
		Debug|Any CPU = Debug|Any CPU
		Release|Any CPU = Release|Any CPU
	EndGlobalSection
	GlobalSection(ProjectConfigurationPlatforms) = postSolution
		{2591B31C-970D-4A95-A2BA-CA5DA9316A8D}.Debug|Any CPU.ActiveCfg = Debug|Any CPU
		{2591B31C-970D-4A95-A2BA-CA5DA9316A8D}.Debug|Any CPU.Build.0 = Debug|Any CPU
		{2591B31C-970D-4A95-A2BA-CA5DA9316A8D}.Release|Any CPU.ActiveCfg = Release|Any CPU
		{2591B31C-970D-4A95-A2BA-CA5DA9316A8D}.Release|Any CPU.Build.0 = Release|Any CPU
		{45617B41-3462-40C9-B2AE-93180ECCAA1C}.Debug|Any CPU.ActiveCfg = Debug|Any CPU
		{45617B41-3462-40C9-B2AE-93180ECCAA1C}.Debug|Any CPU.Build.0 = Debug|Any CPU
		{45617B41-3462-40C9-B2AE-93180ECCAA1C}.Release|Any CPU.ActiveCfg = Release|Any CPU
		{45617B41-3462-40C9-B2AE-93180ECCAA1C}.Release|Any CPU.Build.0 = Release|Any CPU
		{18EF8159-F979-4FE0-97F6-0E7065DF0155}.Debug|Any CPU.ActiveCfg = Debug|Any CPU
		{18EF8159-F979-4FE0-97F6-0E7065DF0155}.Debug|Any CPU.Build.0 = Debug|Any CPU
		{18EF8159-F979-4FE0-97F6-0E7065DF0155}.Release|Any CPU.ActiveCfg = Release|Any CPU
		{18EF8159-F979-4FE0-97F6-0E7065DF0155}.Release|Any CPU.Build.0 = Release|Any CPU
	EndGlobalSection
	GlobalSection(SolutionProperties) = preSolution
		HideSolutionNode = FALSE
	EndGlobalSection
	GlobalSection(ExtensibilityGlobals) = postSolution
		SolutionGuid = {B213E9DE-21E3-4BD0-A571-0C733B82F537}
	EndGlobalSection
EndGlobal
